
Microsoft Visual Studio Solution File, Format Version 12.00
# Visual Studio Version 16
VisualStudioVersion = 16.0.31112.23
MinimumVisualStudioVersion = 10.0.40219.1
Project("{FAE04EC0-301F-11D3-BF4B-00C04F79EFBC}") = "semzaganiipoyazikamprogrammirovaniy", "semzaganiipoyazikamprogrammirovaniy\semzaganiipoyazikamprogrammirovaniy.csproj", "{1483556F-E1E9-4BBA-B265-3375B6387925}"
EndProject
Global
	GlobalSection(SolutionConfigurationPlatforms) = preSolution
		Debug|Any CPU = Debug|Any CPU
		Release|Any CPU = Release|Any CPU
	EndGlobalSection
	GlobalSection(ProjectConfigurationPlatforms) = postSolution
		{1483556F-E1E9-4BBA-B265-3375B6387925}.Debug|Any CPU.ActiveCfg = Debug|Any CPU
		{1483556F-E1E9-4BBA-B265-3375B6387925}.Debug|Any CPU.Build.0 = Debug|Any CPU
		{1483556F-E1E9-4BBA-B265-3375B6387925}.Release|Any CPU.ActiveCfg = Release|Any CPU
		{1483556F-E1E9-4BBA-B265-3375B6387925}.Release|Any CPU.Build.0 = Release|Any CPU
	EndGlobalSection
	GlobalSection(SolutionProperties) = preSolution
		HideSolutionNode = FALSE
	EndGlobalSection
	GlobalSection(ExtensibilityGlobals) = postSolution
		SolutionGuid = {402245A2-97E8-437C-A298-B98DAB7EB739}
	EndGlobalSection
EndGlobal
